{
  "requires": true,
  "lockfileVersion": 1,
  "dependencies": {
    "debug": {
      "version": "3.1.0",
      "resolved": "https://registry.npmjs.org/debug/-/debug-3.1.0.tgz",
      "integrity": "sha512-OX8XqP7/1a9cqkxYw2yXss15f26NKWBpDXQd0/uK/KPqdQhxbPa994hnzjcE2VqQpDslf55723cKPUOGSmMY3g==",
      "requires": {
        "ms": "2.0.0"
      }
    },
    "debugs": {
      "version": "file:..",
      "requires": {
        "chalk": "2.3.0",
        "inquirer": "3.3.0"
      },
      "dependencies": {
        "ansi-escapes": {
          "version": "3.0.0",
          "bundled": true
        },
        "ansi-regex": {
          "version": "3.0.0",
          "bundled": true
        },
        "ansi-styles": {
          "version": "3.2.0",
          "bundled": true,
          "requires": {
            "color-convert": "1.9.0"
          }
        },
        "chalk": {
          "version": "2.3.0",
          "bundled": true,
          "requires": {
            "ansi-styles": "3.2.0",
            "escape-string-regexp": "1.0.5",
            "supports-color": "4.5.0"
          }
        },
        "cli-cursor": {
          "version": "2.1.0",
          "bundled": true,
          "requires": {
            "restore-cursor": "2.0.0"
          }
        },
        "cli-width": {
          "version": "2.2.0",
          "bundled": true
        },
        "color-convert": {
          "version": "1.9.0",
          "bundled": true,
          "requires": {
            "color-name": "1.1.3"
          }
        },
        "color-name": {
          "version": "1.1.3",
          "bundled": true
        },
        "escape-string-regexp": {
          "version": "1.0.5",
          "bundled": true
        },
        "external-editor": {
          "version": "2.0.5",
          "bundled": true,
          "requires": {
            "iconv-lite": "0.4.19",
            "jschardet": "1.5.1",
            "tmp": "0.0.33"
          }
        },
        "figures": {
          "version": "2.0.0",
          "bundled": true,
          "requires": {
            "escape-string-regexp": "1.0.5"
          }
        },
        "has-flag": {
          "version": "2.0.0",
          "bundled": true
        },
        "iconv-lite": {
          "version": "0.4.19",
          "bundled": true
        },
        "inquirer": {
          "version": "3.3.0",
          "bundled": true,
          "requires": {
            "ansi-escapes": "3.0.0",
            "chalk": "2.3.0",
            "cli-cursor": "2.1.0",
            "cli-width": "2.2.0",
            "external-editor": "2.0.5",
            "figures": "2.0.0",
            "lodash": "4.17.4",
            "mute-stream": "0.0.7",
            "run-async": "2.3.0",
            "rx-lite": "4.0.8",
            "rx-lite-aggregates": "4.0.8",
            "string-width": "2.1.1",
            "strip-ansi": "4.0.0",
            "through": "2.3.8"
          }
        },
        "is-fullwidth-code-point": {
          "version": "2.0.0",
          "bundled": true
        },
        "is-promise": {
          "version": "2.1.0",
          "bundled": true
        },
        "jschardet": {
          "version": "1.5.1",
          "bundled": true
        },
        "lodash": {
          "version": "4.17.4",
          "bundled": true
        },
        "mimic-fn": {
          "version": "1.1.0",
          "bundled": true
        },
        "mute-stream": {
          "version": "0.0.7",
          "bundled": true
        },
        "onetime": {
          "version": "2.0.1",
          "bundled": true,
          "requires": {
            "mimic-fn": "1.1.0"
          }
        },
        "os-tmpdir": {
          "version": "1.0.2",
          "bundled": true
        },
        "restore-cursor": {
          "version": "2.0.0",
          "bundled": true,
          "requires": {
            "onetime": "2.0.1",
            "signal-exit": "3.0.2"
          }
        },
        "run-async": {
          "version": "2.3.0",
          "bundled": true,
          "requires": {
            "is-promise": "2.1.0"
          }
        },
        "rx-lite": {
          "version": "4.0.8",
          "bundled": true
        },
        "rx-lite-aggregates": {
          "version": "4.0.8",
          "bundled": true,
          "requires": {
            "rx-lite": "4.0.8"
          }
        },
        "signal-exit": {
          "version": "3.0.2",
          "bundled": true
        },
        "string-width": {
          "version": "2.1.1",
          "bundled": true,
          "requires": {
            "is-fullwidth-code-point": "2.0.0",
            "strip-ansi": "4.0.0"
          }
        },
        "strip-ansi": {
          "version": "4.0.0",
          "bundled": true,
          "requires": {
            "ansi-regex": "3.0.0"
          }
        },
        "supports-color": {
          "version": "4.5.0",
          "bundled": true,
          "requires": {
            "has-flag": "2.0.0"
          }
        },
        "through": {
          "version": "2.3.8",
          "bundled": true
        },
        "tmp": {
          "version": "0.0.33",
          "bundled": true,
          "requires": {
            "os-tmpdir": "1.0.2"
          }
        }
      }
    },
    "detect-indent": {
      "version": "5.0.0",
      "resolved": "https://registry.npmjs.org/detect-indent/-/detect-indent-5.0.0.tgz",
      "integrity": "sha1-OHHMCmoALow+Wzz38zYmRnXwa50="
    },
    "ms": {
      "version": "2.0.0",
      "resolved": "https://registry.npmjs.org/ms/-/ms-2.0.0.tgz",
      "integrity": "sha1-VgiurfwAvmwpAd9fmGF4jeDVl8g="
    }
  }
}
